
Microsoft Visual Studio Solution File, Format Version 12.00
# Visual Studio Version 16
VisualStudioVersion = 16.0.29102.190
MinimumVisualStudioVersion = 10.0.40219.1
Project("{2150E333-8FDC-42A3-9474-1A3956D46DE8}") = "1 - Presentation", "1 - Presentation", "{3F23D844-E108-49F5-B1D8-E8F2B7BF706B}"
EndProject
Project("{2150E333-8FDC-42A3-9474-1A3956D46DE8}") = "2 - ApplicationServices", "2 - ApplicationServices", "{0E54B861-4718-483B-A690-BE2C4E27B9F3}"
EndProject
Project("{2150E333-8FDC-42A3-9474-1A3956D46DE8}") = "3 - Domain", "3 - Domain", "{4B35C8F8-64F7-46A2-9FAD-733250EAD110}"
EndProject
Project("{2150E333-8FDC-42A3-9474-1A3956D46DE8}") = "4 - Infrastructure", "4 - Infrastructure", "{2C620051-C9CA-4F01-83E8-6B4AA7C3FBEB}"
EndProject
Project("{2150E333-8FDC-42A3-9474-1A3956D46DE8}") = "5 - CrossCutting", "5 - CrossCutting", "{1676248F-736E-482F-8D31-D58B32529D2C}"
EndProject
Project("{9A19103F-16F7-4668-BE54-9A1E7A4F7556}") = "SGMLoquinho.Domain", "src\SGMLoquinho.Domain\SGMLoquinho.Domain.csproj", "{44C64150-ED8A-4B47-B774-81E25D3590BF}"
EndProject
Project("{9A19103F-16F7-4668-BE54-9A1E7A4F7556}") = "SGMLoquinho.Infrastructure", "src\SGMLoquinho.Infrastructure\SGMLoquinho.Infrastructure.csproj", "{E6015997-F1BC-4C2D-9C93-84FCF6023AA4}"
EndProject
Project("{9A19103F-16F7-4668-BE54-9A1E7A4F7556}") = "SGMLoquinho.ApplicationServices", "src\SGMLoquinho.ApplicationServices\SGMLoquinho.ApplicationServices.csproj", "{C608D1EB-212C-4D7E-AEA5-8BAE892A9B0C}"
EndProject
Project("{9A19103F-16F7-4668-BE54-9A1E7A4F7556}") = "SGMLoquinho.CrossCutting", "src\SGMLoquinho.CrossCutting\SGMLoquinho.CrossCutting.csproj", "{874BB8FD-989B-42DF-99CD-D7FA7F353ADA}"
EndProject
Project("{FAE04EC0-301F-11D3-BF4B-00C04F79EFBC}") = "SGM.WebApi", "src\SGM.WebApi\SGM.WebApi.csproj", "{26792855-DC5B-483F-B5C9-DFA9A7017B33}"
EndProject
Global
	GlobalSection(SolutionConfigurationPlatforms) = preSolution
		Debug|Any CPU = Debug|Any CPU
		Release|Any CPU = Release|Any CPU
	EndGlobalSection
	GlobalSection(ProjectConfigurationPlatforms) = postSolution
		{44C64150-ED8A-4B47-B774-81E25D3590BF}.Debug|Any CPU.ActiveCfg = Debug|Any CPU
		{44C64150-ED8A-4B47-B774-81E25D3590BF}.Debug|Any CPU.Build.0 = Debug|Any CPU
		{44C64150-ED8A-4B47-B774-81E25D3590BF}.Release|Any CPU.ActiveCfg = Release|Any CPU
		{44C64150-ED8A-4B47-B774-81E25D3590BF}.Release|Any CPU.Build.0 = Release|Any CPU
		{E6015997-F1BC-4C2D-9C93-84FCF6023AA4}.Debug|Any CPU.ActiveCfg = Debug|Any CPU
		{E6015997-F1BC-4C2D-9C93-84FCF6023AA4}.Debug|Any CPU.Build.0 = Debug|Any CPU
		{E6015997-F1BC-4C2D-9C93-84FCF6023AA4}.Release|Any CPU.ActiveCfg = Release|Any CPU
		{E6015997-F1BC-4C2D-9C93-84FCF6023AA4}.Release|Any CPU.Build.0 = Release|Any CPU
		{C608D1EB-212C-4D7E-AEA5-8BAE892A9B0C}.Debug|Any CPU.ActiveCfg = Debug|Any CPU
		{C608D1EB-212C-4D7E-AEA5-8BAE892A9B0C}.Debug|Any CPU.Build.0 = Debug|Any CPU
		{C608D1EB-212C-4D7E-AEA5-8BAE892A9B0C}.Release|Any CPU.ActiveCfg = Release|Any CPU
		{C608D1EB-212C-4D7E-AEA5-8BAE892A9B0C}.Release|Any CPU.Build.0 = Release|Any CPU
		{874BB8FD-989B-42DF-99CD-D7FA7F353ADA}.Debug|Any CPU.ActiveCfg = Debug|Any CPU
		{874BB8FD-989B-42DF-99CD-D7FA7F353ADA}.Debug|Any CPU.Build.0 = Debug|Any CPU
		{874BB8FD-989B-42DF-99CD-D7FA7F353ADA}.Release|Any CPU.ActiveCfg = Release|Any CPU
		{874BB8FD-989B-42DF-99CD-D7FA7F353ADA}.Release|Any CPU.Build.0 = Release|Any CPU
		{26792855-DC5B-483F-B5C9-DFA9A7017B33}.Debug|Any CPU.ActiveCfg = Debug|Any CPU
		{26792855-DC5B-483F-B5C9-DFA9A7017B33}.Debug|Any CPU.Build.0 = Debug|Any CPU
		{26792855-DC5B-483F-B5C9-DFA9A7017B33}.Release|Any CPU.ActiveCfg = Release|Any CPU
		{26792855-DC5B-483F-B5C9-DFA9A7017B33}.Release|Any CPU.Build.0 = Release|Any CPU
	EndGlobalSection
	GlobalSection(SolutionProperties) = preSolution
		HideSolutionNode = FALSE
	EndGlobalSection
	GlobalSection(NestedProjects) = preSolution
		{44C64150-ED8A-4B47-B774-81E25D3590BF} = {4B35C8F8-64F7-46A2-9FAD-733250EAD110}
		{E6015997-F1BC-4C2D-9C93-84FCF6023AA4} = {2C620051-C9CA-4F01-83E8-6B4AA7C3FBEB}
		{C608D1EB-212C-4D7E-AEA5-8BAE892A9B0C} = {0E54B861-4718-483B-A690-BE2C4E27B9F3}
		{874BB8FD-989B-42DF-99CD-D7FA7F353ADA} = {1676248F-736E-482F-8D31-D58B32529D2C}
		{26792855-DC5B-483F-B5C9-DFA9A7017B33} = {3F23D844-E108-49F5-B1D8-E8F2B7BF706B}
	EndGlobalSection
	GlobalSection(ExtensibilityGlobals) = postSolution
		SolutionGuid = {9A7E274C-40F3-4096-9D9D-D808ECC0524C}
	EndGlobalSection
EndGlobal
